# THIS IS AN AUTOGENERATED FILE. DO NOT EDIT THIS FILE DIRECTLY.
# yarn lockfile v1


atom-package-deps@^5.1.0:
  version "5.1.0"
  resolved "https://registry.yarnpkg.com/atom-package-deps/-/atom-package-deps-5.1.0.tgz#be493f783d9c0a8b5b7f2c4ab0ddcc778035f878"
  integrity sha512-RGktH8NSFBJ5rdwuta3M7DbFdDr1EgrXo7uW7DQR/+lWJZcrfH2yxobnSdb/g1JM1tTvLyRYmZYOeRJGqQ9UGw==
  dependencies:
    sb-fs "^4.0.0"
    semver "^6.0.0"

is-utf8@^0.2.1:
  version "0.2.1"
  resolved "https://registry.yarnpkg.com/is-utf8/-/is-utf8-0.2.1.tgz#4b0da1442104d1b336340e80797e865cf39f7d72"
  integrity sha1-Sw2hRCEE0bM2NA6AeX6GXPOffXI=

sb-fs@^4.0.0:
  version "4.0.0"
  resolved "https://registry.yarnpkg.com/sb-fs/-/sb-fs-4.0.0.tgz#b84ca0045f09d4643304113d4e0543b508a56f73"
  integrity sha512-UjjIHC4uahPWvKYqgknvFCCJ11S0oDahz+nsmyTCAmARKto31aoE+Lu7GGGK0nogengJEKGzFdh46ho5+IL88Q==
  dependencies:
    strip-bom-buf "^1.0.0"

semver@^6.0.0:
  version "6.3.1"
  resolved "https://registry.yarnpkg.com/semver/-/semver-6.3.1.tgz#556d2ef8689146e46dcea4bfdd095f3434dffcb4"
  integrity sha512-BR7VvDCVHO+q2xBEWskxS6DJE1qRnb7DxzUrogb71CWoSficBxYsiAGd+Kl0mmq/MprG9yArRkyrQxTO6XjMzA==

strip-bom-buf@^1.0.0:
  version "1.0.0"
  resolved "https://registry.yarnpkg.com/strip-bom-buf/-/strip-bom-buf-1.0.0.tgz#1cb45aaf57530f4caf86c7f75179d2c9a51dd572"
  integrity sha1-HLRar1dTD0yvhsf3UXnSyaUd1XI=
  dependencies:
    is-utf8 "^0.2.1"
